// !$*UTF8*$!
{
	archiveVersion = 1;
	classes = {
	};
	objectVersion = 50;
	objects = {

/* Begin PBXBuildFile section */
		CD3D1D62258B032C0075D001 /* LandmarksApp.swift in Sources */ = {isa = PBXBuildFile; fileRef = CD3D1D61258B032C0075D001 /* LandmarksApp.swift */; };
		CD3D1D64258B032C0075D001 /* ContentView.swift in Sources */ = {isa = PBXBuildFile; fileRef = CD3D1D63258B032C0075D001 /* ContentView.swift */; };
		CD3D1D66258B03300075D001 /* Assets.xcassets in Resources */ = {isa = PBXBuildFile; fileRef = CD3D1D65258B03300075D001 /* Assets.xcassets */; };
		CD3D1D69258B03300075D001 /* Preview Assets.xcassets in Resources */ = {isa = PBXBuildFile; fileRef = CD3D1D68258B03300075D001 /* Preview Assets.xcassets */; };
		CD3D1D72258BC5170075D001 /* CircleImage.swift in Sources */ = {isa = PBXBuildFile; fileRef = CD3D1D71258BC5170075D001 /* CircleImage.swift */; };
		CD3D1D75258BC6580075D001 /* MapView.swift in Sources */ = {isa = PBXBuildFile; fileRef = CD3D1D74258BC6580075D001 /* MapView.swift */; };
		CD3D1D79258C006B0075D001 /* LandmarkList.swift in Sources */ = {isa = PBXBuildFile; fileRef = CD3D1D78258C006B0075D001 /* LandmarkList.swift */; };
		CD3D1D7C258C03170075D001 /* LandmarkDetail.swift in Sources */ = {isa = PBXBuildFile; fileRef = CD3D1D7B258C03170075D001 /* LandmarkDetail.swift */; };
		CDC5A081258BD9AC00C1036C /* LandmarkRow.swift in Sources */ = {isa = PBXBuildFile; fileRef = CDC5A080258BD9AC00C1036C /* LandmarkRow.swift */; };
		CDD10FB1258BCFDD00804FE6 /* landmarkData.json in Resources */ = {isa = PBXBuildFile; fileRef = CDD10FB0258BCFDD00804FE6 /* landmarkData.json */; };
		CDD10FB4258BD02600804FE6 /* Landmark.swift in Sources */ = {isa = PBXBuildFile; fileRef = CDD10FB3258BD02600804FE6 /* Landmark.swift */; };
		CDD10FB7258BD34700804FE6 /* ModelData.swift in Sources */ = {isa = PBXBuildFile; fileRef = CDD10FB6258BD34700804FE6 /* ModelData.swift */; };
/* End PBXBuildFile section */

/* Begin PBXFileReference section */
		CD3D1D5E258B032C0075D001 /* Landmarks.app */ = {isa = PBXFileReference; explicitFileType = wrapper.application; includeInIndex = 0; path = Landmarks.app; sourceTree = BUILT_PRODUCTS_DIR; };
		CD3D1D61258B032C0075D001 /* LandmarksApp.swift */ = {isa = PBXFileReference; lastKnownFileType = sourcecode.swift; path = LandmarksApp.swift; sourceTree = "<group>"; };
		CD3D1D63258B032C0075D001 /* ContentView.swift */ = {isa = PBXFileReference; lastKnownFileType = sourcecode.swift; path = ContentView.swift; sourceTree = "<group>"; };
		CD3D1D65258B03300075D001 /* Assets.xcassets */ = {isa = PBXFileReference; lastKnownFileType = folder.assetcatalog; path = Assets.xcassets; sourceTree = "<group>"; };
		CD3D1D68258B03300075D001 /* Preview Assets.xcassets */ = {isa = PBXFileReference; lastKnownFileType = folder.assetcatalog; path = "Preview Assets.xcassets"; sourceTree = "<group>"; };
		CD3D1D6A258B03300075D001 /* Info.plist */ = {isa = PBXFileReference; lastKnownFileType = text.plist.xml; path = Info.plist; sourceTree = "<group>"; };
		CD3D1D71258BC5170075D001 /* CircleImage.swift */ = {isa = PBXFileReference; lastKnownFileType = sourcecode.swift; path = CircleImage.swift; sourceTree = "<group>"; };
		CD3D1D74258BC6580075D001 /* MapView.swift */ = {isa = PBXFileReference; lastKnownFileType = sourcecode.swift; path = MapView.swift; sourceTree = "<group>"; };
		CD3D1D78258C006B0075D001 /* LandmarkList.swift */ = {isa = PBXFileReference; lastKnownFileType = sourcecode.swift; path = LandmarkList.swift; sourceTree = "<group>"; };
		CD3D1D7B258C03170075D001 /* LandmarkDetail.swift */ = {isa = PBXFileReference; lastKnownFileType = sourcecode.swift; path = LandmarkDetail.swift; sourceTree = "<group>"; };
		CDC5A080258BD9AC00C1036C /* LandmarkRow.swift */ = {isa = PBXFileReference; lastKnownFileType = sourcecode.swift; path = LandmarkRow.swift; sourceTree = "<group>"; };
		CDD10FB0258BCFDD00804FE6 /* landmarkData.json */ = {isa = PBXFileReference; fileEncoding = 4; lastKnownFileType = text.json; path = landmarkData.json; sourceTree = "<group>"; };
		CDD10FB3258BD02600804FE6 /* Landmark.swift */ = {isa = PBXFileReference; lastKnownFileType = sourcecode.swift; path = Landmark.swift; sourceTree = "<group>"; };
		CDD10FB6258BD34700804FE6 /* ModelData.swift */ = {isa = PBXFileReference; lastKnownFileType = sourcecode.swift; path = ModelData.swift; sourceTree = "<group>"; };
/* End PBXFileReference section */

/* Begin PBXFrameworksBuildPhase section */
		CD3D1D5B258B032C0075D001 /* Frameworks */ = {
			isa = PBXFrameworksBuildPhase;
			buildActionMask = 2147483647;
			files = (
			);
			runOnlyForDeploymentPostprocessing = 0;
		};
/* End PBXFrameworksBuildPhase section */

/* Begin PBXGroup section */
		CD3D1D55258B032C0075D001 = {
			isa = PBXGroup;
			children = (
				CD3D1D60258B032C0075D001 /* Landmarks */,
				CD3D1D5F258B032C0075D001 /* Products */,
			);
			sourceTree = "<group>";
		};
		CD3D1D5F258B032C0075D001 /* Products */ = {
			isa = PBXGroup;
			children = (
				CD3D1D5E258B032C0075D001 /* Landmarks.app */,
			);
			name = Products;
			sourceTree = "<group>";
		};
		CD3D1D60258B032C0075D001 /* Landmarks */ = {
			isa = PBXGroup;
			children = (
				CD3D1D61258B032C0075D001 /* LandmarksApp.swift */,
				CDD10FB9258BD81C00804FE6 /* Views */,
				CDD10FBB258BD88A00804FE6 /* Model */,
				CDD10FBD258BD8B200804FE6 /* Resources */,
				CD3D1D65258B03300075D001 /* Assets.xcassets */,
				CD3D1D6A258B03300075D001 /* Info.plist */,
				CD3D1D67258B03300075D001 /* Preview Content */,
			);
			path = Landmarks;
			sourceTree = "<group>";
		};
		CD3D1D67258B03300075D001 /* Preview Content */ = {
			isa = PBXGroup;
			children = (
				CD3D1D68258B03300075D001 /* Preview Assets.xcassets */,
			);
			path = "Preview Content";
			sourceTree = "<group>";
		};
		CDD10FB9258BD81C00804FE6 /* Views */ = {
			isa = PBXGroup;
			children = (
				CD3D1D63258B032C0075D001 /* ContentView.swift */,
				CD3D1D71258BC5170075D001 /* CircleImage.swift */,
				CD3D1D74258BC6580075D001 /* MapView.swift */,
				CDC5A080258BD9AC00C1036C /* LandmarkRow.swift */,
				CD3D1D78258C006B0075D001 /* LandmarkList.swift */,
				CD3D1D7B258C03170075D001 /* LandmarkDetail.swift */,
			);
			path = Views;
			sourceTree = "<group>";
		};
		CDD10FBB258BD88A00804FE6 /* Model */ = {
			isa = PBXGroup;
			children = (
				CDD10FB3258BD02600804FE6 /* Landmark.swift */,
				CDD10FB6258BD34700804FE6 /* ModelData.swift */,
			);
			path = Model;
			sourceTree = "<group>";
		};
		CDD10FBD258BD8B200804FE6 /* Resources */ = {
			isa = PBXGroup;
			children = (
				CDD10FB0258BCFDD00804FE6 /* landmarkData.json */,
			);
			path = Resources;
			sourceTree = "<group>";
		};
/* End PBXGroup section */

/* Begin PBXNativeTarget section */
		CD3D1D5D258B032C0075D001 /* Landmarks */ = {
			isa = PBXNativeTarget;
			buildConfigurationList = CD3D1D6D258B03300075D001 /* Build configuration list for PBXNativeTarget "Landmarks" */;
			buildPhases = (
				CD3D1D5A258B032C0075D001 /* Sources */,
				CD3D1D5B258B032C0075D001 /* Frameworks */,
				CD3D1D5C258B032C0075D001 /* Resources */,
			);
			buildRules = (
			);
			dependencies = (
			);
			name = Landmarks;
			productName = Landmarks;
			productReference = CD3D1D5E258B032C0075D001 /* Landmarks.app */;
			productType = "com.apple.product-type.application";
		};
/* End PBXNativeTarget section */

/* Begin PBXProject section */
		CD3D1D56258B032C0075D001 /* Project object */ = {
			isa = PBXProject;
			attributes = {
				LastSwiftUpdateCheck = 1230;
				LastUpgradeCheck = 1230;
				TargetAttributes = {
					CD3D1D5D258B032C0075D001 = {
						CreatedOnToolsVersion = 12.3;
					};
				};
			};
			buildConfigurationList = CD3D1D59258B032C0075D001 /* Build configuration list for PBXProject "Landmarks" */;
			compatibilityVersion = "Xcode 9.3";
			developmentRegion = en;
			hasScannedForEncodings = 0;
			knownRegions = (
				en,
				Base,
			);
			mainGroup = CD3D1D55258B032C0075D001;
			productRefGroup = CD3D1D5F258B032C0075D001 /* Products */;
			projectDirPath = "";
			projectRoot = "";
			targets = (
				CD3D1D5D258B032C0075D001 /* Landmarks */,
			);
		};
/* End PBXProject section */

/* Begin PBXResourcesBuildPhase section */
		CD3D1D5C258B032C0075D001 /* Resources */ = {
			isa = PBXResourcesBuildPhase;
			buildActionMask = 2147483647;
			files = (
				CD3D1D69258B03300075D001 /* Preview Assets.xcassets in Resources */,
				CD3D1D66258B03300075D001 /* Assets.xcassets in Resources */,
				CDD10FB1258BCFDD00804FE6 /* landmarkData.json in Resources */,
			);
			runOnlyForDeploymentPostprocessing = 0;
		};
/* End PBXResourcesBuildPhase section */

/* Begin PBXSourcesBuildPhase section */
		CD3D1D5A258B032C0075D001 /* Sources */ = {
			isa = PBXSourcesBuildPhase;
			buildActionMask = 2147483647;
			files = (
				CD3D1D64258B032C0075D001 /* ContentView.swift in Sources */,
				CD3D1D75258BC6580075D001 /* MapView.swift in Sources */,
				CD3D1D62258B032C0075D001 /* LandmarksApp.swift in Sources */,
				CD3D1D79258C006B0075D001 /* LandmarkList.swift in Sources */,
				CD3D1D7C258C03170075D001 /* LandmarkDetail.swift in Sources */,
				CD3D1D72258BC5170075D001 /* CircleImage.swift in Sources */,
				CDD10FB4258BD02600804FE6 /* Landmark.swift in Sources */,
				CDC5A081258BD9AC00C1036C /* LandmarkRow.swift in Sources */,
				CDD10FB7258BD34700804FE6 /* ModelData.swift in Sources */,
			);
			runOnlyForDeploymentPostprocessing = 0;
		};
/* End PBXSourcesBuildPhase section */

/* Begin XCBuildConfiguration section */
		CD3D1D6B258B03300075D001 /* Debug */ = {
			isa = XCBuildConfiguration;
			buildSettings = {
				ALWAYS_SEARCH_USER_PATHS = NO;
				CLANG_ANALYZER_NONNULL = YES;
				CLANG_ANALYZER_NUMBER_OBJECT_CONVERSION = YES_AGGRESSIVE;
				CLANG_CXX_LANGUAGE_STANDARD = "gnu++14";
				CLANG_CXX_LIBRARY = "libc++";
				CLANG_ENABLE_MODULES = YES;
				CLANG_ENABLE_OBJC_ARC = YES;
				CLANG_ENABLE_OBJC_WEAK = YES;
				CLANG_WARN_BLOCK_CAPTURE_AUTORELEASING = YES;
				CLANG_WARN_BOOL_CONVERSION = YES;
				CLANG_WARN_COMMA = YES;
				CLANG_WARN_CONSTANT_CONVERSION = YES;
				CLANG_WARN_DEPRECATED_OBJC_IMPLEMENTATIONS = YES;
				CLANG_WARN_DIRECT_OBJC_ISA_USAGE = YES_ERROR;
				CLANG_WARN_DOCUMENTATION_COMMENTS = YES;
				CLANG_WARN_EMPTY_BODY = YES;
				CLANG_WARN_ENUM_CONVERSION = YES;
				CLANG_WARN_INFINITE_RECURSION = YES;
				CLANG_WARN_INT_CONVERSION = YES;
				CLANG_WARN_NON_LITERAL_NULL_CONVERSION = YES;
				CLANG_WARN_OBJC_IMPLICIT_RETAIN_SELF = YES;
				CLANG_WARN_OBJC_LITERAL_CONVERSION = YES;
				CLANG_WARN_OBJC_ROOT_CLASS = YES_ERROR;
				CLANG_WARN_QUOTED_INCLUDE_IN_FRAMEWORK_HEADER = YES;
				CLANG_WARN_RANGE_LOOP_ANALYSIS = YES;
				CLANG_WARN_STRICT_PROTOTYPES = YES;
				CLANG_WARN_SUSPICIOUS_MOVE = YES;
				CLANG_WARN_UNGUARDED_AVAILABILITY = YES_AGGRESSIVE;
				CLANG_WARN_UNREACHABLE_CODE = YES;
				CLANG_WARN__DUPLICATE_METHOD_MATCH = YES;
				COPY_PHASE_STRIP = NO;
				DEBUG_INFORMATION_FORMAT = dwarf;
				ENABLE_STRICT_OBJC_MSGSEND = YES;
				ENABLE_TESTABILITY = YES;
				GCC_C_LANGUAGE_STANDARD = gnu11;
				GCC_DYNAMIC_NO_PIC = NO;
				GCC_NO_COMMON_BLOCKS = YES;
				GCC_OPTIMIZATION_LEVEL = 0;
				GCC_PREPROCESSOR_DEFINITIONS = (
					"DEBUG=1",
					"$(inherited)",
				);
				GCC_WARN_64_TO_32_BIT_CONVERSION = YES;
				GCC_WARN_ABOUT_RETURN_TYPE = YES_ERROR;
				GCC_WARN_UNDECLARED_SELECTOR = YES;
				GCC_WARN_UNINITIALIZED_AUTOS = YES_AGGRESSIVE;
				GCC_WARN_UNUSED_FUNCTION = YES;
				GCC_WARN_UNUSED_VARIABLE = YES;
				IPHONEOS_DEPLOYMENT_TARGET = 14.3;
				MTL_ENABLE_DEBUG_INFO = INCLUDE_SOURCE;
				MTL_FAST_MATH = YES;
				ONLY_ACTIVE_ARCH = YES;
				SDKROOT = iphoneos;
				SWIFT_ACTIVE_COMPILATION_CONDITIONS = DEBUG;
				SWIFT_OPTIMIZATION_LEVEL = "-Onone";
			};
			name = Debug;
		};
		CD3D1D6C258B03300075D001 /* Release */ = {
			isa = XCBuildConfiguration;
			buildSettings = {
				ALWAYS_SEARCH_USER_PATHS = NO;
				CLANG_ANALYZER_NONNULL = YES;
				CLANG_ANALYZER_NUMBER_OBJECT_CONVERSION = YES_AGGRESSIVE;
				CLANG_CXX_LANGUAGE_STANDARD = "gnu++14";
				CLANG_CXX_LIBRARY = "libc++";
				CLANG_ENABLE_MODULES = YES;
				CLANG_ENABLE_OBJC_ARC = YES;
				CLANG_ENABLE_OBJC_WEAK = YES;
				CLANG_WARN_BLOCK_CAPTURE_AUTORELEASING = YES;
				CLANG_WARN_BOOL_CONVERSION = YES;
				CLANG_WARN_COMMA = YES;
				CLANG_WARN_CONSTANT_CONVERSION = YES;
				CLANG_WARN_DEPRECATED_OBJC_IMPLEMENTATIONS = YES;
				CLANG_WARN_DIRECT_OBJC_ISA_USAGE = YES_ERROR;
				CLANG_WARN_DOCUMENTATION_COMMENTS = YES;
				CLANG_WARN_EMPTY_BODY = YES;
				CLANG_WARN_ENUM_CONVERSION = YES;
				CLANG_WARN_INFINITE_RECURSION = YES;
				CLANG_WARN_INT_CONVERSION = YES;
				CLANG_WARN_NON_LITERAL_NULL_CONVERSION = YES;
				CLANG_WARN_OBJC_IMPLICIT_RETAIN_SELF = YES;
				CLANG_WARN_OBJC_LITERAL_CONVERSION = YES;
				CLANG_WARN_OBJC_ROOT_CLASS = YES_ERROR;
				CLANG_WARN_QUOTED_INCLUDE_IN_FRAMEWORK_HEADER = YES;
				CLANG_WARN_RANGE_LOOP_ANALYSIS = YES;
				CLANG_WARN_STRICT_PROTOTYPES = YES;
				CLANG_WARN_SUSPICIOUS_MOVE = YES;
				CLANG_WARN_UNGUARDED_AVAILABILITY = YES_AGGRESSIVE;
				CLANG_WARN_UNREACHABLE_CODE = YES;
				CLANG_WARN__DUPLICATE_METHOD_MATCH = YES;
				COPY_PHASE_STRIP = NO;
				DEBUG_INFORMATION_FORMAT = "dwarf-with-dsym";
				ENABLE_NS_ASSERTIONS = NO;
				ENABLE_STRICT_OBJC_MSGSEND = YES;
				GCC_C_LANGUAGE_STANDARD = gnu11;
				GCC_NO_COMMON_BLOCKS = YES;
				GCC_WARN_64_TO_32_BIT_CONVERSION = YES;
				GCC_WARN_ABOUT_RETURN_TYPE = YES_ERROR;
				GCC_WARN_UNDECLARED_SELECTOR = YES;
				GCC_WARN_UNINITIALIZED_AUTOS = YES_AGGRESSIVE;
				GCC_WARN_UNUSED_FUNCTION = YES;
				GCC_WARN_UNUSED_VARIABLE = YES;
				IPHONEOS_DEPLOYMENT_TARGET = 14.3;
				MTL_ENABLE_DEBUG_INFO = NO;
				MTL_FAST_MATH = YES;
				SDKROOT = iphoneos;
				SWIFT_COMPILATION_MODE = wholemodule;
				SWIFT_OPTIMIZATION_LEVEL = "-O";
				VALIDATE_PRODUCT = YES;
			};
			name = Release;
		};
		CD3D1D6E258B03300075D001 /* Debug */ = {
			isa = XCBuildConfiguration;
			buildSettings = {
				ASSETCATALOG_COMPILER_APPICON_NAME = AppIcon;
				ASSETCATALOG_COMPILER_GLOBAL_ACCENT_COLOR_NAME = AccentColor;
				CODE_SIGN_STYLE = Automatic;
				DEVELOPMENT_ASSET_PATHS = "\"Landmarks/Preview Content\"";
				DEVELOPMENT_TEAM = 2YSS2WYNUU;
				ENABLE_PREVIEWS = YES;
				INFOPLIST_FILE = Landmarks/Info.plist;
				IPHONEOS_DEPLOYMENT_TARGET = 14.0;
				LD_RUNPATH_SEARCH_PATHS = (
					"$(inherited)",
					"@executable_path/Frameworks",
				);
				PRODUCT_BUNDLE_IDENTIFIER = mohammed.sooni.Landmarks;
				PRODUCT_NAME = "$(TARGET_NAME)";
				SWIFT_VERSION = 5.0;
				TARGETED_DEVICE_FAMILY = "1,2";
			};
			name = Debug;
		};
		CD3D1D6F258B03300075D001 /* Release */ = {
			isa = XCBuildConfiguration;
			buildSettings = {
				ASSETCATALOG_COMPILER_APPICON_NAME = AppIcon;
				ASSETCATALOG_COMPILER_GLOBAL_ACCENT_COLOR_NAME = AccentColor;
				CODE_SIGN_STYLE = Automatic;
				DEVELOPMENT_ASSET_PATHS = "\"Landmarks/Preview Content\"";
				DEVELOPMENT_TEAM = 2YSS2WYNUU;
				ENABLE_PREVIEWS = YES;
				INFOPLIST_FILE = Landmarks/Info.plist;
				IPHONEOS_DEPLOYMENT_TARGET = 14.0;
				LD_RUNPATH_SEARCH_PATHS = (
					"$(inherited)",
					"@executable_path/Frameworks",
				);
				PRODUCT_BUNDLE_IDENTIFIER = mohammed.sooni.Landmarks;
				PRODUCT_NAME = "$(TARGET_NAME)";
				SWIFT_VERSION = 5.0;
				TARGETED_DEVICE_FAMILY = "1,2";
			};
			name = Release;
		};
/* End XCBuildConfiguration section */

/* Begin XCConfigurationList section */
		CD3D1D59258B032C0075D001 /* Build configuration list for PBXProject "Landmarks" */ = {
			isa = XCConfigurationList;
			buildConfigurations = (
				CD3D1D6B258B03300075D001 /* Debug */,
				CD3D1D6C258B03300075D001 /* Release */,
			);
			defaultConfigurationIsVisible = 0;
			defaultConfigurationName = Release;
		};
		CD3D1D6D258B03300075D001 /* Build configuration list for PBXNativeTarget "Landmarks" */ = {
			isa = XCConfigurationList;
			buildConfigurations = (
				CD3D1D6E258B03300075D001 /* Debug */,
				CD3D1D6F258B03300075D001 /* Release */,
			);
			defaultConfigurationIsVisible = 0;
			defaultConfigurationName = Release;
		};
/* End XCConfigurationList section */
	};
	rootObject = CD3D1D56258B032C0075D001 /* Project object */;
}
